
Microsoft Visual Studio Solution File, Format Version 12.00
# Visual Studio Version 17
VisualStudioVersion = 17.10.35004.147
MinimumVisualStudioVersion = 10.0.40219.1
Project("{FAE04EC0-301F-11D3-BF4B-00C04F79EFBC}") = "testVariableScope", "testVariableScope\testVariableScope.csproj", "{769018CD-CE63-4555-83E3-7FE7A3605D18}"
EndProject
Global
	GlobalSection(SolutionConfigurationPlatforms) = preSolution
		Debug|Any CPU = Debug|Any CPU
		Release|Any CPU = Release|Any CPU
	EndGlobalSection
	GlobalSection(ProjectConfigurationPlatforms) = postSolution
		{769018CD-CE63-4555-83E3-7FE7A3605D18}.Debug|Any CPU.ActiveCfg = Debug|Any CPU
		{769018CD-CE63-4555-83E3-7FE7A3605D18}.Debug|Any CPU.Build.0 = Debug|Any CPU
		{769018CD-CE63-4555-83E3-7FE7A3605D18}.Release|Any CPU.ActiveCfg = Release|Any CPU
		{769018CD-CE63-4555-83E3-7FE7A3605D18}.Release|Any CPU.Build.0 = Release|Any CPU
	EndGlobalSection
	GlobalSection(SolutionProperties) = preSolution
		HideSolutionNode = FALSE
	EndGlobalSection
	GlobalSection(ExtensibilityGlobals) = postSolution
		SolutionGuid = {C2A24D93-C1EF-4BBB-B0C8-BB03DC73D07C}
	EndGlobalSection
EndGlobal
