
Microsoft Visual Studio Solution File, Format Version 12.00
# Visual Studio Version 17
VisualStudioVersion = 17.14.36127.28 d17.14
MinimumVisualStudioVersion = 10.0.40219.1
Project("{FAE04EC0-301F-11D3-BF4B-00C04F79EFBC}") = "AsyncBreakfast1", "AsyncBreakfast1\AsyncBreakfast1.csproj", "{70CA836C-9381-4CF2-8271-5B0412F00717}"
EndProject
Global
	GlobalSection(SolutionConfigurationPlatforms) = preSolution
		Debug|Any CPU = Debug|Any CPU
		Release|Any CPU = Release|Any CPU
	EndGlobalSection
	GlobalSection(ProjectConfigurationPlatforms) = postSolution
		{70CA836C-9381-4CF2-8271-5B0412F00717}.Debug|Any CPU.ActiveCfg = Debug|Any CPU
		{70CA836C-9381-4CF2-8271-5B0412F00717}.Debug|Any CPU.Build.0 = Debug|Any CPU
		{70CA836C-9381-4CF2-8271-5B0412F00717}.Release|Any CPU.ActiveCfg = Release|Any CPU
		{70CA836C-9381-4CF2-8271-5B0412F00717}.Release|Any CPU.Build.0 = Release|Any CPU
	EndGlobalSection
	GlobalSection(SolutionProperties) = preSolution
		HideSolutionNode = FALSE
	EndGlobalSection
	GlobalSection(ExtensibilityGlobals) = postSolution
		SolutionGuid = {6D730B1F-4F49-4108-BDDD-A62E45FE64EA}
	EndGlobalSection
EndGlobal
