
Microsoft Visual Studio Solution File, Format Version 12.00
# Visual Studio Version 17
VisualStudioVersion = 17.10.35004.147
MinimumVisualStudioVersion = 10.0.40219.1
Project("{FAE04EC0-301F-11D3-BF4B-00C04F79EFBC}") = "arrayClear&ResizeMethod", "arrayClear&ResizeMethod\arrayClear&ResizeMethod.csproj", "{EA4A05A9-4ADC-449C-A220-9A8F1BE8C8EB}"
EndProject
Global
	GlobalSection(SolutionConfigurationPlatforms) = preSolution
		Debug|Any CPU = Debug|Any CPU
		Release|Any CPU = Release|Any CPU
	EndGlobalSection
	GlobalSection(ProjectConfigurationPlatforms) = postSolution
		{EA4A05A9-4ADC-449C-A220-9A8F1BE8C8EB}.Debug|Any CPU.ActiveCfg = Debug|Any CPU
		{EA4A05A9-4ADC-449C-A220-9A8F1BE8C8EB}.Debug|Any CPU.Build.0 = Debug|Any CPU
		{EA4A05A9-4ADC-449C-A220-9A8F1BE8C8EB}.Release|Any CPU.ActiveCfg = Release|Any CPU
		{EA4A05A9-4ADC-449C-A220-9A8F1BE8C8EB}.Release|Any CPU.Build.0 = Release|Any CPU
	EndGlobalSection
	GlobalSection(SolutionProperties) = preSolution
		HideSolutionNode = FALSE
	EndGlobalSection
	GlobalSection(ExtensibilityGlobals) = postSolution
		SolutionGuid = {DC819697-0A0B-4943-9376-1E06D17294D5}
	EndGlobalSection
EndGlobal
