
Microsoft Visual Studio Solution File, Format Version 12.00
# Visual Studio Version 17
VisualStudioVersion = 17.14.36127.28 d17.14
MinimumVisualStudioVersion = 10.0.40219.1
Project("{FAE04EC0-301F-11D3-BF4B-00C04F79EFBC}") = "CancelListTask", "CancelListTask\CancelListTask.csproj", "{73A261A9-75DA-4854-B0B8-F0301725269C}"
EndProject
Global
	GlobalSection(SolutionConfigurationPlatforms) = preSolution
		Debug|Any CPU = Debug|Any CPU
		Release|Any CPU = Release|Any CPU
	EndGlobalSection
	GlobalSection(ProjectConfigurationPlatforms) = postSolution
		{73A261A9-75DA-4854-B0B8-F0301725269C}.Debug|Any CPU.ActiveCfg = Debug|Any CPU
		{73A261A9-75DA-4854-B0B8-F0301725269C}.Debug|Any CPU.Build.0 = Debug|Any CPU
		{73A261A9-75DA-4854-B0B8-F0301725269C}.Release|Any CPU.ActiveCfg = Release|Any CPU
		{73A261A9-75DA-4854-B0B8-F0301725269C}.Release|Any CPU.Build.0 = Release|Any CPU
	EndGlobalSection
	GlobalSection(SolutionProperties) = preSolution
		HideSolutionNode = FALSE
	EndGlobalSection
	GlobalSection(ExtensibilityGlobals) = postSolution
		SolutionGuid = {C7B1C647-930F-46C3-BB60-51266CD6E994}
	EndGlobalSection
EndGlobal
