
Microsoft Visual Studio Solution File, Format Version 12.00
# Visual Studio Version 17
VisualStudioVersion = 17.14.36127.28 d17.14
MinimumVisualStudioVersion = 10.0.40219.1
Project("{FAE04EC0-301F-11D3-BF4B-00C04F79EFBC}") = "RelationalPatterns", "RelationalPatterns\RelationalPatterns.csproj", "{CF2DE0A5-3778-4597-8FF5-7D8ED33D3CB7}"
EndProject
Global
	GlobalSection(SolutionConfigurationPlatforms) = preSolution
		Debug|Any CPU = Debug|Any CPU
		Release|Any CPU = Release|Any CPU
	EndGlobalSection
	GlobalSection(ProjectConfigurationPlatforms) = postSolution
		{CF2DE0A5-3778-4597-8FF5-7D8ED33D3CB7}.Debug|Any CPU.ActiveCfg = Debug|Any CPU
		{CF2DE0A5-3778-4597-8FF5-7D8ED33D3CB7}.Debug|Any CPU.Build.0 = Debug|Any CPU
		{CF2DE0A5-3778-4597-8FF5-7D8ED33D3CB7}.Release|Any CPU.ActiveCfg = Release|Any CPU
		{CF2DE0A5-3778-4597-8FF5-7D8ED33D3CB7}.Release|Any CPU.Build.0 = Release|Any CPU
	EndGlobalSection
	GlobalSection(SolutionProperties) = preSolution
		HideSolutionNode = FALSE
	EndGlobalSection
	GlobalSection(ExtensibilityGlobals) = postSolution
		SolutionGuid = {89199A85-137B-48F5-988B-E7FC6BEE5B6B}
	EndGlobalSection
EndGlobal
