
Microsoft Visual Studio Solution File, Format Version 12.00
# Visual Studio Version 17
VisualStudioVersion = 17.14.36127.28 d17.14
MinimumVisualStudioVersion = 10.0.40219.1
Project("{FAE04EC0-301F-11D3-BF4B-00C04F79EFBC}") = "CancelTaskAfterSomeTime", "CancelTaskAfterSomeTime\CancelTaskAfterSomeTime.csproj", "{3E4A716C-233E-45FE-82A0-618CCE1C8D1B}"
EndProject
Global
	GlobalSection(SolutionConfigurationPlatforms) = preSolution
		Debug|Any CPU = Debug|Any CPU
		Release|Any CPU = Release|Any CPU
	EndGlobalSection
	GlobalSection(ProjectConfigurationPlatforms) = postSolution
		{3E4A716C-233E-45FE-82A0-618CCE1C8D1B}.Debug|Any CPU.ActiveCfg = Debug|Any CPU
		{3E4A716C-233E-45FE-82A0-618CCE1C8D1B}.Debug|Any CPU.Build.0 = Debug|Any CPU
		{3E4A716C-233E-45FE-82A0-618CCE1C8D1B}.Release|Any CPU.ActiveCfg = Release|Any CPU
		{3E4A716C-233E-45FE-82A0-618CCE1C8D1B}.Release|Any CPU.Build.0 = Release|Any CPU
	EndGlobalSection
	GlobalSection(SolutionProperties) = preSolution
		HideSolutionNode = FALSE
	EndGlobalSection
	GlobalSection(ExtensibilityGlobals) = postSolution
		SolutionGuid = {4B28D415-FCDF-4194-A10E-20200F9C3F95}
	EndGlobalSection
EndGlobal
