
Microsoft Visual Studio Solution File, Format Version 12.00
# Visual Studio Version 17
VisualStudioVersion = 17.10.35004.147
MinimumVisualStudioVersion = 10.0.40219.1
Project("{FAE04EC0-301F-11D3-BF4B-00C04F79EFBC}") = "stringInter", "stringInter\stringInter.csproj", "{99B82D97-0BD8-4ECA-9104-618F777DCE71}"
EndProject
Global
	GlobalSection(SolutionConfigurationPlatforms) = preSolution
		Debug|Any CPU = Debug|Any CPU
		Release|Any CPU = Release|Any CPU
	EndGlobalSection
	GlobalSection(ProjectConfigurationPlatforms) = postSolution
		{99B82D97-0BD8-4ECA-9104-618F777DCE71}.Debug|Any CPU.ActiveCfg = Debug|Any CPU
		{99B82D97-0BD8-4ECA-9104-618F777DCE71}.Debug|Any CPU.Build.0 = Debug|Any CPU
		{99B82D97-0BD8-4ECA-9104-618F777DCE71}.Release|Any CPU.ActiveCfg = Release|Any CPU
		{99B82D97-0BD8-4ECA-9104-618F777DCE71}.Release|Any CPU.Build.0 = Release|Any CPU
	EndGlobalSection
	GlobalSection(SolutionProperties) = preSolution
		HideSolutionNode = FALSE
	EndGlobalSection
	GlobalSection(ExtensibilityGlobals) = postSolution
		SolutionGuid = {A4238CAC-B861-4992-B09B-807AB233067B}
	EndGlobalSection
EndGlobal
