
Microsoft Visual Studio Solution File, Format Version 12.00
# Visual Studio Version 17
VisualStudioVersion = 17.10.35004.147
MinimumVisualStudioVersion = 10.0.40219.1
Project("{FAE04EC0-301F-11D3-BF4B-00C04F79EFBC}") = "taskFile", "taskFile\taskFile.csproj", "{F5E50CB1-298D-4912-8EDF-C40BB74BBC29}"
EndProject
Global
	GlobalSection(SolutionConfigurationPlatforms) = preSolution
		Debug|Any CPU = Debug|Any CPU
		Release|Any CPU = Release|Any CPU
	EndGlobalSection
	GlobalSection(ProjectConfigurationPlatforms) = postSolution
		{F5E50CB1-298D-4912-8EDF-C40BB74BBC29}.Debug|Any CPU.ActiveCfg = Debug|Any CPU
		{F5E50CB1-298D-4912-8EDF-C40BB74BBC29}.Debug|Any CPU.Build.0 = Debug|Any CPU
		{F5E50CB1-298D-4912-8EDF-C40BB74BBC29}.Release|Any CPU.ActiveCfg = Release|Any CPU
		{F5E50CB1-298D-4912-8EDF-C40BB74BBC29}.Release|Any CPU.Build.0 = Release|Any CPU
	EndGlobalSection
	GlobalSection(SolutionProperties) = preSolution
		HideSolutionNode = FALSE
	EndGlobalSection
	GlobalSection(ExtensibilityGlobals) = postSolution
		SolutionGuid = {00314DBA-B6E5-41E8-9A2B-76CF52A0F37B}
	EndGlobalSection
EndGlobal
