
Microsoft Visual Studio Solution File, Format Version 12.00
# Visual Studio Version 17
VisualStudioVersion = 17.14.36127.28 d17.14
MinimumVisualStudioVersion = 10.0.40219.1
Project("{FAE04EC0-301F-11D3-BF4B-00C04F79EFBC}") = "Calculators", "Calculators\Calculators.csproj", "{A872AE11-8A54-4257-8EAE-5551B7FB338D}"
EndProject
Global
	GlobalSection(SolutionConfigurationPlatforms) = preSolution
		Debug|Any CPU = Debug|Any CPU
		Release|Any CPU = Release|Any CPU
	EndGlobalSection
	GlobalSection(ProjectConfigurationPlatforms) = postSolution
		{A872AE11-8A54-4257-8EAE-5551B7FB338D}.Debug|Any CPU.ActiveCfg = Debug|Any CPU
		{A872AE11-8A54-4257-8EAE-5551B7FB338D}.Debug|Any CPU.Build.0 = Debug|Any CPU
		{A872AE11-8A54-4257-8EAE-5551B7FB338D}.Release|Any CPU.ActiveCfg = Release|Any CPU
		{A872AE11-8A54-4257-8EAE-5551B7FB338D}.Release|Any CPU.Build.0 = Release|Any CPU
	EndGlobalSection
	GlobalSection(SolutionProperties) = preSolution
		HideSolutionNode = FALSE
	EndGlobalSection
	GlobalSection(ExtensibilityGlobals) = postSolution
		SolutionGuid = {B5E7D42F-37C1-4B2E-BBD3-6EB4182B59B2}
	EndGlobalSection
EndGlobal
