
Microsoft Visual Studio Solution File, Format Version 12.00
# Visual Studio Version 17
VisualStudioVersion = 17.10.35004.147
MinimumVisualStudioVersion = 10.0.40219.1
Project("{FAE04EC0-301F-11D3-BF4B-00C04F79EFBC}") = "arraySplit&JoinMethod", "arraySplit&JoinMethod\arraySplit&JoinMethod.csproj", "{1FC81A80-384F-4D6C-A102-2F859913DB0E}"
EndProject
Global
	GlobalSection(SolutionConfigurationPlatforms) = preSolution
		Debug|Any CPU = Debug|Any CPU
		Release|Any CPU = Release|Any CPU
	EndGlobalSection
	GlobalSection(ProjectConfigurationPlatforms) = postSolution
		{1FC81A80-384F-4D6C-A102-2F859913DB0E}.Debug|Any CPU.ActiveCfg = Debug|Any CPU
		{1FC81A80-384F-4D6C-A102-2F859913DB0E}.Debug|Any CPU.Build.0 = Debug|Any CPU
		{1FC81A80-384F-4D6C-A102-2F859913DB0E}.Release|Any CPU.ActiveCfg = Release|Any CPU
		{1FC81A80-384F-4D6C-A102-2F859913DB0E}.Release|Any CPU.Build.0 = Release|Any CPU
	EndGlobalSection
	GlobalSection(SolutionProperties) = preSolution
		HideSolutionNode = FALSE
	EndGlobalSection
	GlobalSection(ExtensibilityGlobals) = postSolution
		SolutionGuid = {A6B41E17-B3A9-46AC-8B93-2AF7F8083618}
	EndGlobalSection
EndGlobal
