
Microsoft Visual Studio Solution File, Format Version 12.00
# Visual Studio Version 17
VisualStudioVersion = 17.10.35004.147
MinimumVisualStudioVersion = 10.0.40219.1
Project("{FAE04EC0-301F-11D3-BF4B-00C04F79EFBC}") = "tryCatchBlock", "tryCatchBlock\tryCatchBlock.csproj", "{327509CA-15FE-4D58-AC60-B0A1E4BF3630}"
EndProject
Global
	GlobalSection(SolutionConfigurationPlatforms) = preSolution
		Debug|Any CPU = Debug|Any CPU
		Release|Any CPU = Release|Any CPU
	EndGlobalSection
	GlobalSection(ProjectConfigurationPlatforms) = postSolution
		{327509CA-15FE-4D58-AC60-B0A1E4BF3630}.Debug|Any CPU.ActiveCfg = Debug|Any CPU
		{327509CA-15FE-4D58-AC60-B0A1E4BF3630}.Debug|Any CPU.Build.0 = Debug|Any CPU
		{327509CA-15FE-4D58-AC60-B0A1E4BF3630}.Release|Any CPU.ActiveCfg = Release|Any CPU
		{327509CA-15FE-4D58-AC60-B0A1E4BF3630}.Release|Any CPU.Build.0 = Release|Any CPU
	EndGlobalSection
	GlobalSection(SolutionProperties) = preSolution
		HideSolutionNode = FALSE
	EndGlobalSection
	GlobalSection(ExtensibilityGlobals) = postSolution
		SolutionGuid = {77FAA798-07DC-4DCE-B8FA-1AE8395CFEDD}
	EndGlobalSection
EndGlobal
