
Microsoft Visual Studio Solution File, Format Version 12.00
# Visual Studio Version 17
VisualStudioVersion = 17.10.35004.147
MinimumVisualStudioVersion = 10.0.40219.1
Project("{FAE04EC0-301F-11D3-BF4B-00C04F79EFBC}") = "practiceSort&ReverseMethod", "practiceSort&ReverseMethod\practiceSort&ReverseMethod.csproj", "{9A61154A-5365-4340-9FB5-7754D16732FC}"
EndProject
Global
	GlobalSection(SolutionConfigurationPlatforms) = preSolution
		Debug|Any CPU = Debug|Any CPU
		Release|Any CPU = Release|Any CPU
	EndGlobalSection
	GlobalSection(ProjectConfigurationPlatforms) = postSolution
		{9A61154A-5365-4340-9FB5-7754D16732FC}.Debug|Any CPU.ActiveCfg = Debug|Any CPU
		{9A61154A-5365-4340-9FB5-7754D16732FC}.Debug|Any CPU.Build.0 = Debug|Any CPU
		{9A61154A-5365-4340-9FB5-7754D16732FC}.Release|Any CPU.ActiveCfg = Release|Any CPU
		{9A61154A-5365-4340-9FB5-7754D16732FC}.Release|Any CPU.Build.0 = Release|Any CPU
	EndGlobalSection
	GlobalSection(SolutionProperties) = preSolution
		HideSolutionNode = FALSE
	EndGlobalSection
	GlobalSection(ExtensibilityGlobals) = postSolution
		SolutionGuid = {BEDEE53C-860A-4783-B44B-3B4E5BF4D46E}
	EndGlobalSection
EndGlobal
