
Microsoft Visual Studio Solution File, Format Version 12.00
# Visual Studio Version 17
VisualStudioVersion = 17.14.36127.28 d17.14
MinimumVisualStudioVersion = 10.0.40219.1
Project("{FAE04EC0-301F-11D3-BF4B-00C04F79EFBC}") = "DayCollection", "DayCollection\DayCollection.csproj", "{5A26CE3F-A3AA-43BD-BD19-D16616E18792}"
EndProject
Global
	GlobalSection(SolutionConfigurationPlatforms) = preSolution
		Debug|Any CPU = Debug|Any CPU
		Release|Any CPU = Release|Any CPU
	EndGlobalSection
	GlobalSection(ProjectConfigurationPlatforms) = postSolution
		{5A26CE3F-A3AA-43BD-BD19-D16616E18792}.Debug|Any CPU.ActiveCfg = Debug|Any CPU
		{5A26CE3F-A3AA-43BD-BD19-D16616E18792}.Debug|Any CPU.Build.0 = Debug|Any CPU
		{5A26CE3F-A3AA-43BD-BD19-D16616E18792}.Release|Any CPU.ActiveCfg = Release|Any CPU
		{5A26CE3F-A3AA-43BD-BD19-D16616E18792}.Release|Any CPU.Build.0 = Release|Any CPU
	EndGlobalSection
	GlobalSection(SolutionProperties) = preSolution
		HideSolutionNode = FALSE
	EndGlobalSection
	GlobalSection(ExtensibilityGlobals) = postSolution
		SolutionGuid = {57CA6945-90F5-48C7-B8C0-1926E760ACC9}
	EndGlobalSection
EndGlobal
