
Microsoft Visual Studio Solution File, Format Version 12.00
# Visual Studio Version 17
VisualStudioVersion = 17.14.36127.28 d17.14
MinimumVisualStudioVersion = 10.0.40219.1
Project("{FAE04EC0-301F-11D3-BF4B-00C04F79EFBC}") = "NullCheck", "NullCheck\NullCheck.csproj", "{E7FAA7F4-CAB4-40F8-926C-0B4BFE4C7D2B}"
EndProject
Global
	GlobalSection(SolutionConfigurationPlatforms) = preSolution
		Debug|Any CPU = Debug|Any CPU
		Release|Any CPU = Release|Any CPU
	EndGlobalSection
	GlobalSection(ProjectConfigurationPlatforms) = postSolution
		{E7FAA7F4-CAB4-40F8-926C-0B4BFE4C7D2B}.Debug|Any CPU.ActiveCfg = Debug|Any CPU
		{E7FAA7F4-CAB4-40F8-926C-0B4BFE4C7D2B}.Debug|Any CPU.Build.0 = Debug|Any CPU
		{E7FAA7F4-CAB4-40F8-926C-0B4BFE4C7D2B}.Release|Any CPU.ActiveCfg = Release|Any CPU
		{E7FAA7F4-CAB4-40F8-926C-0B4BFE4C7D2B}.Release|Any CPU.Build.0 = Release|Any CPU
	EndGlobalSection
	GlobalSection(SolutionProperties) = preSolution
		HideSolutionNode = FALSE
	EndGlobalSection
	GlobalSection(ExtensibilityGlobals) = postSolution
		SolutionGuid = {338F4370-DC82-4A0C-B0B0-982B0DA5092C}
	EndGlobalSection
EndGlobal
