
Microsoft Visual Studio Solution File, Format Version 12.00
# Visual Studio Version 17
VisualStudioVersion = 17.10.35004.147
MinimumVisualStudioVersion = 10.0.40219.1
Project("{FAE04EC0-301F-11D3-BF4B-00C04F79EFBC}") = "expressions", "expressions\expressions.csproj", "{3BA8F661-D691-41F1-8423-3440A6F9608C}"
EndProject
Global
	GlobalSection(SolutionConfigurationPlatforms) = preSolution
		Debug|Any CPU = Debug|Any CPU
		Release|Any CPU = Release|Any CPU
	EndGlobalSection
	GlobalSection(ProjectConfigurationPlatforms) = postSolution
		{3BA8F661-D691-41F1-8423-3440A6F9608C}.Debug|Any CPU.ActiveCfg = Debug|Any CPU
		{3BA8F661-D691-41F1-8423-3440A6F9608C}.Debug|Any CPU.Build.0 = Debug|Any CPU
		{3BA8F661-D691-41F1-8423-3440A6F9608C}.Release|Any CPU.ActiveCfg = Release|Any CPU
		{3BA8F661-D691-41F1-8423-3440A6F9608C}.Release|Any CPU.Build.0 = Release|Any CPU
	EndGlobalSection
	GlobalSection(SolutionProperties) = preSolution
		HideSolutionNode = FALSE
	EndGlobalSection
	GlobalSection(ExtensibilityGlobals) = postSolution
		SolutionGuid = {D6141E80-68DA-457B-88FD-A86470276FF4}
	EndGlobalSection
EndGlobal
