
Microsoft Visual Studio Solution File, Format Version 12.00
# Visual Studio Version 17
VisualStudioVersion = 17.14.36127.28 d17.14
MinimumVisualStudioVersion = 10.0.40219.1
Project("{FAE04EC0-301F-11D3-BF4B-00C04F79EFBC}") = "AsyncMethods", "AsyncMethods\AsyncMethods.csproj", "{BED2D821-7D2F-4719-ABDC-E54610E0C009}"
EndProject
Global
	GlobalSection(SolutionConfigurationPlatforms) = preSolution
		Debug|Any CPU = Debug|Any CPU
		Release|Any CPU = Release|Any CPU
	EndGlobalSection
	GlobalSection(ProjectConfigurationPlatforms) = postSolution
		{BED2D821-7D2F-4719-ABDC-E54610E0C009}.Debug|Any CPU.ActiveCfg = Debug|Any CPU
		{BED2D821-7D2F-4719-ABDC-E54610E0C009}.Debug|Any CPU.Build.0 = Debug|Any CPU
		{BED2D821-7D2F-4719-ABDC-E54610E0C009}.Release|Any CPU.ActiveCfg = Release|Any CPU
		{BED2D821-7D2F-4719-ABDC-E54610E0C009}.Release|Any CPU.Build.0 = Release|Any CPU
	EndGlobalSection
	GlobalSection(SolutionProperties) = preSolution
		HideSolutionNode = FALSE
	EndGlobalSection
	GlobalSection(ExtensibilityGlobals) = postSolution
		SolutionGuid = {FC1B1082-1182-4478-B826-B7EE82A9F8DD}
	EndGlobalSection
EndGlobal
