
Microsoft Visual Studio Solution File, Format Version 12.00
# Visual Studio Version 17
VisualStudioVersion = 17.14.36203.30 d17.14
MinimumVisualStudioVersion = 10.0.40219.1
Project("{FAE04EC0-301F-11D3-BF4B-00C04F79EFBC}") = "LINQJoinExamples", "LINQJoinExamples\LINQJoinExamples.csproj", "{D68DD931-A70D-4B2B-9431-68266F25E951}"
EndProject
Global
	GlobalSection(SolutionConfigurationPlatforms) = preSolution
		Debug|Any CPU = Debug|Any CPU
		Release|Any CPU = Release|Any CPU
	EndGlobalSection
	GlobalSection(ProjectConfigurationPlatforms) = postSolution
		{D68DD931-A70D-4B2B-9431-68266F25E951}.Debug|Any CPU.ActiveCfg = Debug|Any CPU
		{D68DD931-A70D-4B2B-9431-68266F25E951}.Debug|Any CPU.Build.0 = Debug|Any CPU
		{D68DD931-A70D-4B2B-9431-68266F25E951}.Release|Any CPU.ActiveCfg = Release|Any CPU
		{D68DD931-A70D-4B2B-9431-68266F25E951}.Release|Any CPU.Build.0 = Release|Any CPU
	EndGlobalSection
	GlobalSection(SolutionProperties) = preSolution
		HideSolutionNode = FALSE
	EndGlobalSection
	GlobalSection(ExtensibilityGlobals) = postSolution
		SolutionGuid = {B225F7D0-307A-48DE-8F27-92FE07C2B8D4}
	EndGlobalSection
EndGlobal
