
Microsoft Visual Studio Solution File, Format Version 12.00
# Visual Studio Version 17
VisualStudioVersion = 17.14.36203.30 d17.14
MinimumVisualStudioVersion = 10.0.40219.1
Project("{FAE04EC0-301F-11D3-BF4B-00C04F79EFBC}") = "Intersect&IntersectBy", "Intersect&IntersectBy\Intersect&IntersectBy.csproj", "{8F9B32EA-9BA1-472C-A880-F2B4408F0857}"
EndProject
Global
	GlobalSection(SolutionConfigurationPlatforms) = preSolution
		Debug|Any CPU = Debug|Any CPU
		Release|Any CPU = Release|Any CPU
	EndGlobalSection
	GlobalSection(ProjectConfigurationPlatforms) = postSolution
		{8F9B32EA-9BA1-472C-A880-F2B4408F0857}.Debug|Any CPU.ActiveCfg = Debug|Any CPU
		{8F9B32EA-9BA1-472C-A880-F2B4408F0857}.Debug|Any CPU.Build.0 = Debug|Any CPU
		{8F9B32EA-9BA1-472C-A880-F2B4408F0857}.Release|Any CPU.ActiveCfg = Release|Any CPU
		{8F9B32EA-9BA1-472C-A880-F2B4408F0857}.Release|Any CPU.Build.0 = Release|Any CPU
	EndGlobalSection
	GlobalSection(SolutionProperties) = preSolution
		HideSolutionNode = FALSE
	EndGlobalSection
	GlobalSection(ExtensibilityGlobals) = postSolution
		SolutionGuid = {6AC129DF-5EC3-45B9-A2CD-4A4BE5CEE194}
	EndGlobalSection
EndGlobal
