
Microsoft Visual Studio Solution File, Format Version 12.00
# Visual Studio Version 17
VisualStudioVersion = 17.14.36127.28 d17.14
MinimumVisualStudioVersion = 10.0.40219.1
Project("{FAE04EC0-301F-11D3-BF4B-00C04F79EFBC}") = "TryCatch", "TryCatch\TryCatch.csproj", "{5F0EECE2-011D-4427-97E7-52219C104017}"
EndProject
Global
	GlobalSection(SolutionConfigurationPlatforms) = preSolution
		Debug|Any CPU = Debug|Any CPU
		Release|Any CPU = Release|Any CPU
	EndGlobalSection
	GlobalSection(ProjectConfigurationPlatforms) = postSolution
		{5F0EECE2-011D-4427-97E7-52219C104017}.Debug|Any CPU.ActiveCfg = Debug|Any CPU
		{5F0EECE2-011D-4427-97E7-52219C104017}.Debug|Any CPU.Build.0 = Debug|Any CPU
		{5F0EECE2-011D-4427-97E7-52219C104017}.Release|Any CPU.ActiveCfg = Release|Any CPU
		{5F0EECE2-011D-4427-97E7-52219C104017}.Release|Any CPU.Build.0 = Release|Any CPU
	EndGlobalSection
	GlobalSection(SolutionProperties) = preSolution
		HideSolutionNode = FALSE
	EndGlobalSection
	GlobalSection(ExtensibilityGlobals) = postSolution
		SolutionGuid = {972B6F1F-2E9F-4F91-A6A0-34FF6E72A9ED}
	EndGlobalSection
EndGlobal
